// !$*UTF8*$!
{
	archiveVersion = 1;
	classes = {
	};
	objectVersion = 50;
	objects = {

/* Begin PBXBuildFile section */
		3FC2F65F278C9880008639E3 /* To_Do_ListApp.swift in Sources */ = {isa = PBXBuildFile; fileRef = 3FC2F65E278C9880008639E3 /* To_Do_ListApp.swift */; };
		3FC2F661278C9880008639E3 /* ContentView.swift in Sources */ = {isa = PBXBuildFile; fileRef = 3FC2F660278C9880008639E3 /* ContentView.swift */; };
		3FC2F663278C9887008639E3 /* Assets.xcassets in Resources */ = {isa = PBXBuildFile; fileRef = 3FC2F662278C9887008639E3 /* Assets.xcassets */; };
		3FC2F666278C9887008639E3 /* Preview Assets.xcassets in Resources */ = {isa = PBXBuildFile; fileRef = 3FC2F665278C9887008639E3 /* Preview Assets.xcassets */; };
		3FC2F671278C9888008639E3 /* To_Do_ListTests.swift in Sources */ = {isa = PBXBuildFile; fileRef = 3FC2F670278C9888008639E3 /* To_Do_ListTests.swift */; };
		3FC2F67C278C9888008639E3 /* To_Do_ListUITests.swift in Sources */ = {isa = PBXBuildFile; fileRef = 3FC2F67B278C9888008639E3 /* To_Do_ListUITests.swift */; };
		3FC2F68A278DEBAC008639E3 /* ToDoList.swift in Sources */ = {isa = PBXBuildFile; fileRef = 3FC2F689278DEBAC008639E3 /* ToDoList.swift */; };
/* End PBXBuildFile section */

/* Begin PBXContainerItemProxy section */
		3FC2F66D278C9888008639E3 /* PBXContainerItemProxy */ = {
			isa = PBXContainerItemProxy;
			containerPortal = 3FC2F653278C9880008639E3 /* Project object */;
			proxyType = 1;
			remoteGlobalIDString = 3FC2F65A278C9880008639E3;
			remoteInfo = "To-Do List";
		};
		3FC2F678278C9888008639E3 /* PBXContainerItemProxy */ = {
			isa = PBXContainerItemProxy;
			containerPortal = 3FC2F653278C9880008639E3 /* Project object */;
			proxyType = 1;
			remoteGlobalIDString = 3FC2F65A278C9880008639E3;
			remoteInfo = "To-Do List";
		};
/* End PBXContainerItemProxy section */

/* Begin PBXFileReference section */
		3FC2F65B278C9880008639E3 /* To-Do List.app */ = {isa = PBXFileReference; explicitFileType = wrapper.application; includeInIndex = 0; path = "To-Do List.app"; sourceTree = BUILT_PRODUCTS_DIR; };
		3FC2F65E278C9880008639E3 /* To_Do_ListApp.swift */ = {isa = PBXFileReference; lastKnownFileType = sourcecode.swift; path = To_Do_ListApp.swift; sourceTree = "<group>"; };
		3FC2F660278C9880008639E3 /* ContentView.swift */ = {isa = PBXFileReference; lastKnownFileType = sourcecode.swift; path = ContentView.swift; sourceTree = "<group>"; };
		3FC2F662278C9887008639E3 /* Assets.xcassets */ = {isa = PBXFileReference; lastKnownFileType = folder.assetcatalog; path = Assets.xcassets; sourceTree = "<group>"; };
		3FC2F665278C9887008639E3 /* Preview Assets.xcassets */ = {isa = PBXFileReference; lastKnownFileType = folder.assetcatalog; path = "Preview Assets.xcassets"; sourceTree = "<group>"; };
		3FC2F667278C9887008639E3 /* Info.plist */ = {isa = PBXFileReference; lastKnownFileType = text.plist.xml; path = Info.plist; sourceTree = "<group>"; };
		3FC2F66C278C9888008639E3 /* To-Do ListTests.xctest */ = {isa = PBXFileReference; explicitFileType = wrapper.cfbundle; includeInIndex = 0; path = "To-Do ListTests.xctest"; sourceTree = BUILT_PRODUCTS_DIR; };
		3FC2F670278C9888008639E3 /* To_Do_ListTests.swift */ = {isa = PBXFileReference; lastKnownFileType = sourcecode.swift; path = To_Do_ListTests.swift; sourceTree = "<group>"; };
		3FC2F672278C9888008639E3 /* Info.plist */ = {isa = PBXFileReference; lastKnownFileType = text.plist.xml; path = Info.plist; sourceTree = "<group>"; };
		3FC2F677278C9888008639E3 /* To-Do ListUITests.xctest */ = {isa = PBXFileReference; explicitFileType = wrapper.cfbundle; includeInIndex = 0; path = "To-Do ListUITests.xctest"; sourceTree = BUILT_PRODUCTS_DIR; };
		3FC2F67B278C9888008639E3 /* To_Do_ListUITests.swift */ = {isa = PBXFileReference; lastKnownFileType = sourcecode.swift; path = To_Do_ListUITests.swift; sourceTree = "<group>"; };
		3FC2F67D278C9888008639E3 /* Info.plist */ = {isa = PBXFileReference; lastKnownFileType = text.plist.xml; path = Info.plist; sourceTree = "<group>"; };
		3FC2F689278DEBAC008639E3 /* ToDoList.swift */ = {isa = PBXFileReference; lastKnownFileType = sourcecode.swift; path = ToDoList.swift; sourceTree = "<group>"; };
/* End PBXFileReference section */

/* Begin PBXFrameworksBuildPhase section */
		3FC2F658278C9880008639E3 /* Frameworks */ = {
			isa = PBXFrameworksBuildPhase;
			buildActionMask = 2147483647;
			files = (
			);
			runOnlyForDeploymentPostprocessing = 0;
		};
		3FC2F669278C9888008639E3 /* Frameworks */ = {
			isa = PBXFrameworksBuildPhase;
			buildActionMask = 2147483647;
			files = (
			);
			runOnlyForDeploymentPostprocessing = 0;
		};
		3FC2F674278C9888008639E3 /* Frameworks */ = {
			isa = PBXFrameworksBuildPhase;
			buildActionMask = 2147483647;
			files = (
			);
			runOnlyForDeploymentPostprocessing = 0;
		};
/* End PBXFrameworksBuildPhase section */

/* Begin PBXGroup section */
		3FC2F652278C9880008639E3 = {
			isa = PBXGroup;
			children = (
				3FC2F689278DEBAC008639E3 /* ToDoList.swift */,
				3FC2F65D278C9880008639E3 /* To-Do List */,
				3FC2F66F278C9888008639E3 /* To-Do ListTests */,
				3FC2F67A278C9888008639E3 /* To-Do ListUITests */,
				3FC2F65C278C9880008639E3 /* Products */,
			);
			sourceTree = "<group>";
		};
		3FC2F65C278C9880008639E3 /* Products */ = {
			isa = PBXGroup;
			children = (
				3FC2F65B278C9880008639E3 /* To-Do List.app */,
				3FC2F66C278C9888008639E3 /* To-Do ListTests.xctest */,
				3FC2F677278C9888008639E3 /* To-Do ListUITests.xctest */,
			);
			name = Products;
			sourceTree = "<group>";
		};
		3FC2F65D278C9880008639E3 /* To-Do List */ = {
			isa = PBXGroup;
			children = (
				3FC2F65E278C9880008639E3 /* To_Do_ListApp.swift */,
				3FC2F660278C9880008639E3 /* ContentView.swift */,
				3FC2F662278C9887008639E3 /* Assets.xcassets */,
				3FC2F667278C9887008639E3 /* Info.plist */,
				3FC2F664278C9887008639E3 /* Preview Content */,
			);
			path = "To-Do List";
			sourceTree = "<group>";
		};
		3FC2F664278C9887008639E3 /* Preview Content */ = {
			isa = PBXGroup;
			children = (
				3FC2F665278C9887008639E3 /* Preview Assets.xcassets */,
			);
			path = "Preview Content";
			sourceTree = "<group>";
		};
		3FC2F66F278C9888008639E3 /* To-Do ListTests */ = {
			isa = PBXGroup;
			children = (
				3FC2F670278C9888008639E3 /* To_Do_ListTests.swift */,
				3FC2F672278C9888008639E3 /* Info.plist */,
			);
			path = "To-Do ListTests";
			sourceTree = "<group>";
		};
		3FC2F67A278C9888008639E3 /* To-Do ListUITests */ = {
			isa = PBXGroup;
			children = (
				3FC2F67B278C9888008639E3 /* To_Do_ListUITests.swift */,
				3FC2F67D278C9888008639E3 /* Info.plist */,
			);
			path = "To-Do ListUITests";
			sourceTree = "<group>";
		};
/* End PBXGroup section */

/* Begin PBXNativeTarget section */
		3FC2F65A278C9880008639E3 /* To-Do List */ = {
			isa = PBXNativeTarget;
			buildConfigurationList = 3FC2F680278C9888008639E3 /* Build configuration list for PBXNativeTarget "To-Do List" */;
			buildPhases = (
				3FC2F657278C9880008639E3 /* Sources */,
				3FC2F658278C9880008639E3 /* Frameworks */,
				3FC2F659278C9880008639E3 /* Resources */,
			);
			buildRules = (
			);
			dependencies = (
			);
			name = "To-Do List";
			productName = "To-Do List";
			productReference = 3FC2F65B278C9880008639E3 /* To-Do List.app */;
			productType = "com.apple.product-type.application";
		};
		3FC2F66B278C9888008639E3 /* To-Do ListTests */ = {
			isa = PBXNativeTarget;
			buildConfigurationList = 3FC2F683278C9888008639E3 /* Build configuration list for PBXNativeTarget "To-Do ListTests" */;
			buildPhases = (
				3FC2F668278C9888008639E3 /* Sources */,
				3FC2F669278C9888008639E3 /* Frameworks */,
				3FC2F66A278C9888008639E3 /* Resources */,
			);
			buildRules = (
			);
			dependencies = (
				3FC2F66E278C9888008639E3 /* PBXTargetDependency */,
			);
			name = "To-Do ListTests";
			productName = "To-Do ListTests";
			productReference = 3FC2F66C278C9888008639E3 /* To-Do ListTests.xctest */;
			productType = "com.apple.product-type.bundle.unit-test";
		};
		3FC2F676278C9888008639E3 /* To-Do ListUITests */ = {
			isa = PBXNativeTarget;
			buildConfigurationList = 3FC2F686278C9888008639E3 /* Build configuration list for PBXNativeTarget "To-Do ListUITests" */;
			buildPhases = (
				3FC2F673278C9888008639E3 /* Sources */,
				3FC2F674278C9888008639E3 /* Frameworks */,
				3FC2F675278C9888008639E3 /* Resources */,
			);
			buildRules = (
			);
			dependencies = (
				3FC2F679278C9888008639E3 /* PBXTargetDependency */,
			);
			name = "To-Do ListUITests";
			productName = "To-Do ListUITests";
			productReference = 3FC2F677278C9888008639E3 /* To-Do ListUITests.xctest */;
			productType = "com.apple.product-type.bundle.ui-testing";
		};
/* End PBXNativeTarget section */

/* Begin PBXProject section */
		3FC2F653278C9880008639E3 /* Project object */ = {
			isa = PBXProject;
			attributes = {
				LastSwiftUpdateCheck = 1250;
				LastUpgradeCheck = 1250;
				TargetAttributes = {
					3FC2F65A278C9880008639E3 = {
						CreatedOnToolsVersion = 12.5.1;
					};
					3FC2F66B278C9888008639E3 = {
						CreatedOnToolsVersion = 12.5.1;
						TestTargetID = 3FC2F65A278C9880008639E3;
					};
					3FC2F676278C9888008639E3 = {
						CreatedOnToolsVersion = 12.5.1;
						TestTargetID = 3FC2F65A278C9880008639E3;
					};
				};
			};
			buildConfigurationList = 3FC2F656278C9880008639E3 /* Build configuration list for PBXProject "To-Do List" */;
			compatibilityVersion = "Xcode 9.3";
			developmentRegion = en;
			hasScannedForEncodings = 0;
			knownRegions = (
				en,
				Base,
			);
			mainGroup = 3FC2F652278C9880008639E3;
			productRefGroup = 3FC2F65C278C9880008639E3 /* Products */;
			projectDirPath = "";
			projectRoot = "";
			targets = (
				3FC2F65A278C9880008639E3 /* To-Do List */,
				3FC2F66B278C9888008639E3 /* To-Do ListTests */,
				3FC2F676278C9888008639E3 /* To-Do ListUITests */,
			);
		};
/* End PBXProject section */

/* Begin PBXResourcesBuildPhase section */
		3FC2F659278C9880008639E3 /* Resources */ = {
			isa = PBXResourcesBuildPhase;
			buildActionMask = 2147483647;
			files = (
				3FC2F666278C9887008639E3 /* Preview Assets.xcassets in Resources */,
				3FC2F663278C9887008639E3 /* Assets.xcassets in Resources */,
			);
			runOnlyForDeploymentPostprocessing = 0;
		};
		3FC2F66A278C9888008639E3 /* Resources */ = {
			isa = PBXResourcesBuildPhase;
			buildActionMask = 2147483647;
			files = (
			);
			runOnlyForDeploymentPostprocessing = 0;
		};
		3FC2F675278C9888008639E3 /* Resources */ = {
			isa = PBXResourcesBuildPhase;
			buildActionMask = 2147483647;
			files = (
			);
			runOnlyForDeploymentPostprocessing = 0;
		};
/* End PBXResourcesBuildPhase section */

/* Begin PBXSourcesBuildPhase section */
		3FC2F657278C9880008639E3 /* Sources */ = {
			isa = PBXSourcesBuildPhase;
			buildActionMask = 2147483647;
			files = (
				3FC2F661278C9880008639E3 /* ContentView.swift in Sources */,
				3FC2F68A278DEBAC008639E3 /* ToDoList.swift in Sources */,
				3FC2F65F278C9880008639E3 /* To_Do_ListApp.swift in Sources */,
			);
			runOnlyForDeploymentPostprocessing = 0;
		};
		3FC2F668278C9888008639E3 /* Sources */ = {
			isa = PBXSourcesBuildPhase;
			buildActionMask = 2147483647;
			files = (
				3FC2F671278C9888008639E3 /* To_Do_ListTests.swift in Sources */,
			);
			runOnlyForDeploymentPostprocessing = 0;
		};
		3FC2F673278C9888008639E3 /* Sources */ = {
			isa = PBXSourcesBuildPhase;
			buildActionMask = 2147483647;
			files = (
				3FC2F67C278C9888008639E3 /* To_Do_ListUITests.swift in Sources */,
			);
			runOnlyForDeploymentPostprocessing = 0;
		};
/* End PBXSourcesBuildPhase section */

/* Begin PBXTargetDependency section */
		3FC2F66E278C9888008639E3 /* PBXTargetDependency */ = {
			isa = PBXTargetDependency;
			target = 3FC2F65A278C9880008639E3 /* To-Do List */;
			targetProxy = 3FC2F66D278C9888008639E3 /* PBXContainerItemProxy */;
		};
		3FC2F679278C9888008639E3 /* PBXTargetDependency */ = {
			isa = PBXTargetDependency;
			target = 3FC2F65A278C9880008639E3 /* To-Do List */;
			targetProxy = 3FC2F678278C9888008639E3 /* PBXContainerItemProxy */;
		};
/* End PBXTargetDependency section */

/* Begin XCBuildConfiguration section */
		3FC2F67E278C9888008639E3 /* Debug */ = {
			isa = XCBuildConfiguration;
			buildSettings = {
				ALWAYS_SEARCH_USER_PATHS = NO;
				CLANG_ANALYZER_NONNULL = YES;
				CLANG_ANALYZER_NUMBER_OBJECT_CONVERSION = YES_AGGRESSIVE;
				CLANG_CXX_LANGUAGE_STANDARD = "gnu++14";
				CLANG_CXX_LIBRARY = "libc++";
				CLANG_ENABLE_MODULES = YES;
				CLANG_ENABLE_OBJC_ARC = YES;
				CLANG_ENABLE_OBJC_WEAK = YES;
				CLANG_WARN_BLOCK_CAPTURE_AUTORELEASING = YES;
				CLANG_WARN_BOOL_CONVERSION = YES;
				CLANG_WARN_COMMA = YES;
				CLANG_WARN_CONSTANT_CONVERSION = YES;
				CLANG_WARN_DEPRECATED_OBJC_IMPLEMENTATIONS = YES;
				CLANG_WARN_DIRECT_OBJC_ISA_USAGE = YES_ERROR;
				CLANG_WARN_DOCUMENTATION_COMMENTS = YES;
				CLANG_WARN_EMPTY_BODY = YES;
				CLANG_WARN_ENUM_CONVERSION = YES;
				CLANG_WARN_INFINITE_RECURSION = YES;
				CLANG_WARN_INT_CONVERSION = YES;
				CLANG_WARN_NON_LITERAL_NULL_CONVERSION = YES;
				CLANG_WARN_OBJC_IMPLICIT_RETAIN_SELF = YES;
				CLANG_WARN_OBJC_LITERAL_CONVERSION = YES;
				CLANG_WARN_OBJC_ROOT_CLASS = YES_ERROR;
				CLANG_WARN_QUOTED_INCLUDE_IN_FRAMEWORK_HEADER = YES;
				CLANG_WARN_RANGE_LOOP_ANALYSIS = YES;
				CLANG_WARN_STRICT_PROTOTYPES = YES;
				CLANG_WARN_SUSPICIOUS_MOVE = YES;
				CLANG_WARN_UNGUARDED_AVAILABILITY = YES_AGGRESSIVE;
				CLANG_WARN_UNREACHABLE_CODE = YES;
				CLANG_WARN__DUPLICATE_METHOD_MATCH = YES;
				COPY_PHASE_STRIP = NO;
				DEBUG_INFORMATION_FORMAT = dwarf;
				ENABLE_STRICT_OBJC_MSGSEND = YES;
				ENABLE_TESTABILITY = YES;
				GCC_C_LANGUAGE_STANDARD = gnu11;
				GCC_DYNAMIC_NO_PIC = NO;
				GCC_NO_COMMON_BLOCKS = YES;
				GCC_OPTIMIZATION_LEVEL = 0;
				GCC_PREPROCESSOR_DEFINITIONS = (
					"DEBUG=1",
					"$(inherited)",
				);
				GCC_WARN_64_TO_32_BIT_CONVERSION = YES;
				GCC_WARN_ABOUT_RETURN_TYPE = YES_ERROR;
				GCC_WARN_UNDECLARED_SELECTOR = YES;
				GCC_WARN_UNINITIALIZED_AUTOS = YES_AGGRESSIVE;
				GCC_WARN_UNUSED_FUNCTION = YES;
				GCC_WARN_UNUSED_VARIABLE = YES;
				IPHONEOS_DEPLOYMENT_TARGET = 14.5;
				MTL_ENABLE_DEBUG_INFO = INCLUDE_SOURCE;
				MTL_FAST_MATH = YES;
				ONLY_ACTIVE_ARCH = YES;
				SDKROOT = iphoneos;
				SWIFT_ACTIVE_COMPILATION_CONDITIONS = DEBUG;
				SWIFT_OPTIMIZATION_LEVEL = "-Onone";
			};
			name = Debug;
		};
		3FC2F67F278C9888008639E3 /* Release */ = {
			isa = XCBuildConfiguration;
			buildSettings = {
				ALWAYS_SEARCH_USER_PATHS = NO;
				CLANG_ANALYZER_NONNULL = YES;
				CLANG_ANALYZER_NUMBER_OBJECT_CONVERSION = YES_AGGRESSIVE;
				CLANG_CXX_LANGUAGE_STANDARD = "gnu++14";
				CLANG_CXX_LIBRARY = "libc++";
				CLANG_ENABLE_MODULES = YES;
				CLANG_ENABLE_OBJC_ARC = YES;
				CLANG_ENABLE_OBJC_WEAK = YES;
				CLANG_WARN_BLOCK_CAPTURE_AUTORELEASING = YES;
				CLANG_WARN_BOOL_CONVERSION = YES;
				CLANG_WARN_COMMA = YES;
				CLANG_WARN_CONSTANT_CONVERSION = YES;
				CLANG_WARN_DEPRECATED_OBJC_IMPLEMENTATIONS = YES;
				CLANG_WARN_DIRECT_OBJC_ISA_USAGE = YES_ERROR;
				CLANG_WARN_DOCUMENTATION_COMMENTS = YES;
				CLANG_WARN_EMPTY_BODY = YES;
				CLANG_WARN_ENUM_CONVERSION = YES;
				CLANG_WARN_INFINITE_RECURSION = YES;
				CLANG_WARN_INT_CONVERSION = YES;
				CLANG_WARN_NON_LITERAL_NULL_CONVERSION = YES;
				CLANG_WARN_OBJC_IMPLICIT_RETAIN_SELF = YES;
				CLANG_WARN_OBJC_LITERAL_CONVERSION = YES;
				CLANG_WARN_OBJC_ROOT_CLASS = YES_ERROR;
				CLANG_WARN_QUOTED_INCLUDE_IN_FRAMEWORK_HEADER = YES;
				CLANG_WARN_RANGE_LOOP_ANALYSIS = YES;
				CLANG_WARN_STRICT_PROTOTYPES = YES;
				CLANG_WARN_SUSPICIOUS_MOVE = YES;
				CLANG_WARN_UNGUARDED_AVAILABILITY = YES_AGGRESSIVE;
				CLANG_WARN_UNREACHABLE_CODE = YES;
				CLANG_WARN__DUPLICATE_METHOD_MATCH = YES;
				COPY_PHASE_STRIP = NO;
				DEBUG_INFORMATION_FORMAT = "dwarf-with-dsym";
				ENABLE_NS_ASSERTIONS = NO;
				ENABLE_STRICT_OBJC_MSGSEND = YES;
				GCC_C_LANGUAGE_STANDARD = gnu11;
				GCC_NO_COMMON_BLOCKS = YES;
				GCC_WARN_64_TO_32_BIT_CONVERSION = YES;
				GCC_WARN_ABOUT_RETURN_TYPE = YES_ERROR;
				GCC_WARN_UNDECLARED_SELECTOR = YES;
				GCC_WARN_UNINITIALIZED_AUTOS = YES_AGGRESSIVE;
				GCC_WARN_UNUSED_FUNCTION = YES;
				GCC_WARN_UNUSED_VARIABLE = YES;
				IPHONEOS_DEPLOYMENT_TARGET = 14.5;
				MTL_ENABLE_DEBUG_INFO = NO;
				MTL_FAST_MATH = YES;
				SDKROOT = iphoneos;
				SWIFT_COMPILATION_MODE = wholemodule;
				SWIFT_OPTIMIZATION_LEVEL = "-O";
				VALIDATE_PRODUCT = YES;
			};
			name = Release;
		};
		3FC2F681278C9888008639E3 /* Debug */ = {
			isa = XCBuildConfiguration;
			buildSettings = {
				ASSETCATALOG_COMPILER_APPICON_NAME = AppIcon;
				ASSETCATALOG_COMPILER_GLOBAL_ACCENT_COLOR_NAME = AccentColor;
				CODE_SIGN_STYLE = Automatic;
				DEVELOPMENT_ASSET_PATHS = "\"To-Do List/Preview Content\"";
				DEVELOPMENT_TEAM = ZLX2F6YDPC;
				ENABLE_PREVIEWS = YES;
				INFOPLIST_FILE = "To-Do List/Info.plist";
				IPHONEOS_DEPLOYMENT_TARGET = 14.0;
				LD_RUNPATH_SEARCH_PATHS = (
					"$(inherited)",
					"@executable_path/Frameworks",
				);
				PRODUCT_BUNDLE_IDENTIFIER = "SnowShow.To-Do-List";
				PRODUCT_NAME = "$(TARGET_NAME)";
				SWIFT_VERSION = 5.0;
				TARGETED_DEVICE_FAMILY = "1,2";
			};
			name = Debug;
		};
		3FC2F682278C9888008639E3 /* Release */ = {
			isa = XCBuildConfiguration;
			buildSettings = {
				ASSETCATALOG_COMPILER_APPICON_NAME = AppIcon;
				ASSETCATALOG_COMPILER_GLOBAL_ACCENT_COLOR_NAME = AccentColor;
				CODE_SIGN_STYLE = Automatic;
				DEVELOPMENT_ASSET_PATHS = "\"To-Do List/Preview Content\"";
				DEVELOPMENT_TEAM = ZLX2F6YDPC;
				ENABLE_PREVIEWS = YES;
				INFOPLIST_FILE = "To-Do List/Info.plist";
				IPHONEOS_DEPLOYMENT_TARGET = 14.0;
				LD_RUNPATH_SEARCH_PATHS = (
					"$(inherited)",
					"@executable_path/Frameworks",
				);
				PRODUCT_BUNDLE_IDENTIFIER = "SnowShow.To-Do-List";
				PRODUCT_NAME = "$(TARGET_NAME)";
				SWIFT_VERSION = 5.0;
				TARGETED_DEVICE_FAMILY = "1,2";
			};
			name = Release;
		};
		3FC2F684278C9888008639E3 /* Debug */ = {
			isa = XCBuildConfiguration;
			buildSettings = {
				ALWAYS_EMBED_SWIFT_STANDARD_LIBRARIES = YES;
				BUNDLE_LOADER = "$(TEST_HOST)";
				CODE_SIGN_STYLE = Automatic;
				DEVELOPMENT_TEAM = ZLX2F6YDPC;
				INFOPLIST_FILE = "To-Do ListTests/Info.plist";
				IPHONEOS_DEPLOYMENT_TARGET = 14.0;
				LD_RUNPATH_SEARCH_PATHS = (
					"$(inherited)",
					"@executable_path/Frameworks",
					"@loader_path/Frameworks",
				);
				PRODUCT_BUNDLE_IDENTIFIER = "SnowShow.To-Do-ListTests";
				PRODUCT_NAME = "$(TARGET_NAME)";
				SWIFT_VERSION = 5.0;
				TARGETED_DEVICE_FAMILY = "1,2";
				TEST_HOST = "$(BUILT_PRODUCTS_DIR)/To-Do List.app/To-Do List";
			};
			name = Debug;
		};
		3FC2F685278C9888008639E3 /* Release */ = {
			isa = XCBuildConfiguration;
			buildSettings = {
				ALWAYS_EMBED_SWIFT_STANDARD_LIBRARIES = YES;
				BUNDLE_LOADER = "$(TEST_HOST)";
				CODE_SIGN_STYLE = Automatic;
				DEVELOPMENT_TEAM = ZLX2F6YDPC;
				INFOPLIST_FILE = "To-Do ListTests/Info.plist";
				IPHONEOS_DEPLOYMENT_TARGET = 14.0;
				LD_RUNPATH_SEARCH_PATHS = (
					"$(inherited)",
					"@executable_path/Frameworks",
					"@loader_path/Frameworks",
				);
				PRODUCT_BUNDLE_IDENTIFIER = "SnowShow.To-Do-ListTests";
				PRODUCT_NAME = "$(TARGET_NAME)";
				SWIFT_VERSION = 5.0;
				TARGETED_DEVICE_FAMILY = "1,2";
				TEST_HOST = "$(BUILT_PRODUCTS_DIR)/To-Do List.app/To-Do List";
			};
			name = Release;
		};
		3FC2F687278C9888008639E3 /* Debug */ = {
			isa = XCBuildConfiguration;
			buildSettings = {
				ALWAYS_EMBED_SWIFT_STANDARD_LIBRARIES = YES;
				CODE_SIGN_STYLE = Automatic;
				DEVELOPMENT_TEAM = ZLX2F6YDPC;
				INFOPLIST_FILE = "To-Do ListUITests/Info.plist";
				LD_RUNPATH_SEARCH_PATHS = (
					"$(inherited)",
					"@executable_path/Frameworks",
					"@loader_path/Frameworks",
				);
				PRODUCT_BUNDLE_IDENTIFIER = "SnowShow.To-Do-ListUITests";
				PRODUCT_NAME = "$(TARGET_NAME)";
				SWIFT_VERSION = 5.0;
				TARGETED_DEVICE_FAMILY = "1,2";
				TEST_TARGET_NAME = "To-Do List";
			};
			name = Debug;
		};
		3FC2F688278C9888008639E3 /* Release */ = {
			isa = XCBuildConfiguration;
			buildSettings = {
				ALWAYS_EMBED_SWIFT_STANDARD_LIBRARIES = YES;
				CODE_SIGN_STYLE = Automatic;
				DEVELOPMENT_TEAM = ZLX2F6YDPC;
				INFOPLIST_FILE = "To-Do ListUITests/Info.plist";
				LD_RUNPATH_SEARCH_PATHS = (
					"$(inherited)",
					"@executable_path/Frameworks",
					"@loader_path/Frameworks",
				);
				PRODUCT_BUNDLE_IDENTIFIER = "SnowShow.To-Do-ListUITests";
				PRODUCT_NAME = "$(TARGET_NAME)";
				SWIFT_VERSION = 5.0;
				TARGETED_DEVICE_FAMILY = "1,2";
				TEST_TARGET_NAME = "To-Do List";
			};
			name = Release;
		};
/* End XCBuildConfiguration section */

/* Begin XCConfigurationList section */
		3FC2F656278C9880008639E3 /* Build configuration list for PBXProject "To-Do List" */ = {
			isa = XCConfigurationList;
			buildConfigurations = (
				3FC2F67E278C9888008639E3 /* Debug */,
				3FC2F67F278C9888008639E3 /* Release */,
			);
			defaultConfigurationIsVisible = 0;
			defaultConfigurationName = Release;
		};
		3FC2F680278C9888008639E3 /* Build configuration list for PBXNativeTarget "To-Do List" */ = {
			isa = XCConfigurationList;
			buildConfigurations = (
				3FC2F681278C9888008639E3 /* Debug */,
				3FC2F682278C9888008639E3 /* Release */,
			);
			defaultConfigurationIsVisible = 0;
			defaultConfigurationName = Release;
		};
		3FC2F683278C9888008639E3 /* Build configuration list for PBXNativeTarget "To-Do ListTests" */ = {
			isa = XCConfigurationList;
			buildConfigurations = (
				3FC2F684278C9888008639E3 /* Debug */,
				3FC2F685278C9888008639E3 /* Release */,
			);
			defaultConfigurationIsVisible = 0;
			defaultConfigurationName = Release;
		};
		3FC2F686278C9888008639E3 /* Build configuration list for PBXNativeTarget "To-Do ListUITests" */ = {
			isa = XCConfigurationList;
			buildConfigurations = (
				3FC2F687278C9888008639E3 /* Debug */,
				3FC2F688278C9888008639E3 /* Release */,
			);
			defaultConfigurationIsVisible = 0;
			defaultConfigurationName = Release;
		};
/* End XCConfigurationList section */
	};
	rootObject = 3FC2F653278C9880008639E3 /* Project object */;
}
